
Microsoft Visual Studio Solution File, Format Version 12.00
# Visual Studio Version 16
VisualStudioVersion = 16.0.28531.58
MinimumVisualStudioVersion = 10.0.40219.1
Project("{FAE04EC0-301F-11D3-BF4B-00C04F79EFBC}") = "JuneWPF", "JuneWPF\JuneWPF.csproj", "{CDF2C10D-8CF9-41EA-B355-0831DAD2693D}"
EndProject
Global
	GlobalSection(SolutionConfigurationPlatforms) = preSolution
		Debug|Any CPU = Debug|Any CPU
		Release|Any CPU = Release|Any CPU
	EndGlobalSection
	GlobalSection(ProjectConfigurationPlatforms) = postSolution
		{CDF2C10D-8CF9-41EA-B355-0831DAD2693D}.Debug|Any CPU.ActiveCfg = Debug|Any CPU
		{CDF2C10D-8CF9-41EA-B355-0831DAD2693D}.Debug|Any CPU.Build.0 = Debug|Any CPU
		{CDF2C10D-8CF9-41EA-B355-0831DAD2693D}.Release|Any CPU.ActiveCfg = Release|Any CPU
		{CDF2C10D-8CF9-41EA-B355-0831DAD2693D}.Release|Any CPU.Build.0 = Release|Any CPU
	EndGlobalSection
	GlobalSection(SolutionProperties) = preSolution
		HideSolutionNode = FALSE
	EndGlobalSection
	GlobalSection(ExtensibilityGlobals) = postSolution
		SolutionGuid = {4C6BF6CA-BD97-492E-91D7-2D69C940D475}
	EndGlobalSection
EndGlobal
